
Microsoft Visual Studio Solution File, Format Version 12.00
# Visual Studio Version 17
VisualStudioVersion = 17.9.34622.214
MinimumVisualStudioVersion = 10.0.40219.1
Project("{FAE04EC0-301F-11D3-BF4B-00C04F79EFBC}") = "SportBoard", "SportBoard\SportBoard.csproj", "{B4F89CDB-FF85-435B-96A1-002C846F444B}"
EndProject
Global
	GlobalSection(SolutionConfigurationPlatforms) = preSolution
		Debug|Any CPU = Debug|Any CPU
		Release|Any CPU = Release|Any CPU
	EndGlobalSection
	GlobalSection(ProjectConfigurationPlatforms) = postSolution
		{B4F89CDB-FF85-435B-96A1-002C846F444B}.Debug|Any CPU.ActiveCfg = Debug|Any CPU
		{B4F89CDB-FF85-435B-96A1-002C846F444B}.Debug|Any CPU.Build.0 = Debug|Any CPU
		{B4F89CDB-FF85-435B-96A1-002C846F444B}.Release|Any CPU.ActiveCfg = Release|Any CPU
		{B4F89CDB-FF85-435B-96A1-002C846F444B}.Release|Any CPU.Build.0 = Release|Any CPU
	EndGlobalSection
	GlobalSection(SolutionProperties) = preSolution
		HideSolutionNode = FALSE
	EndGlobalSection
	GlobalSection(ExtensibilityGlobals) = postSolution
		SolutionGuid = {AD393B90-C555-4AF1-AAEA-74203AC61BEC}
	EndGlobalSection
EndGlobal
